
Microsoft Visual Studio Solution File, Format Version 12.00
# Visual Studio 2013
VisualStudioVersion = 12.0.30723.0
MinimumVisualStudioVersion = 10.0.40219.1
Project("{FAE04EC0-301F-11D3-BF4B-00C04F79EFBC}") = "DataSYNC", "DataSYNC\DataSYNC.csproj", "{065717B1-9A01-4EC3-873A-0D1D00FCF3BF}"
EndProject
Project("{FAE04EC0-301F-11D3-BF4B-00C04F79EFBC}") = "DataSYNC.Model", "DataSYNC.Model\DataSYNC.Model.csproj", "{17CBE5BB-F88B-4DE9-95C7-6A901EB41DD5}"
EndProject
Project("{FAE04EC0-301F-11D3-BF4B-00C04F79EFBC}") = "DataSYNC.BLL", "DataSYNC.BLL\DataSYNC.BLL.csproj", "{16688473-2705-4C8F-9E90-D1361669A343}"
EndProject
Global
	GlobalSection(SolutionConfigurationPlatforms) = preSolution
		Debug|Any CPU = Debug|Any CPU
		Release|Any CPU = Release|Any CPU
	EndGlobalSection
	GlobalSection(ProjectConfigurationPlatforms) = postSolution
		{065717B1-9A01-4EC3-873A-0D1D00FCF3BF}.Debug|Any CPU.ActiveCfg = Debug|Any CPU
		{065717B1-9A01-4EC3-873A-0D1D00FCF3BF}.Debug|Any CPU.Build.0 = Debug|Any CPU
		{065717B1-9A01-4EC3-873A-0D1D00FCF3BF}.Release|Any CPU.ActiveCfg = Release|Any CPU
		{065717B1-9A01-4EC3-873A-0D1D00FCF3BF}.Release|Any CPU.Build.0 = Release|Any CPU
		{17CBE5BB-F88B-4DE9-95C7-6A901EB41DD5}.Debug|Any CPU.ActiveCfg = Debug|Any CPU
		{17CBE5BB-F88B-4DE9-95C7-6A901EB41DD5}.Debug|Any CPU.Build.0 = Debug|Any CPU
		{17CBE5BB-F88B-4DE9-95C7-6A901EB41DD5}.Release|Any CPU.ActiveCfg = Release|Any CPU
		{17CBE5BB-F88B-4DE9-95C7-6A901EB41DD5}.Release|Any CPU.Build.0 = Release|Any CPU
		{16688473-2705-4C8F-9E90-D1361669A343}.Debug|Any CPU.ActiveCfg = Debug|Any CPU
		{16688473-2705-4C8F-9E90-D1361669A343}.Debug|Any CPU.Build.0 = Debug|Any CPU
		{16688473-2705-4C8F-9E90-D1361669A343}.Release|Any CPU.ActiveCfg = Release|Any CPU
		{16688473-2705-4C8F-9E90-D1361669A343}.Release|Any CPU.Build.0 = Release|Any CPU
	EndGlobalSection
	GlobalSection(SolutionProperties) = preSolution
		HideSolutionNode = FALSE
	EndGlobalSection
	GlobalSection(ExtensibilityGlobals) = postSolution
		EnterpriseLibraryConfigurationToolBinariesPathV6 = packages\EnterpriseLibrary.Common.6.0.1304.0\lib\NET45;packages\EnterpriseLibrary.Data.6.0.1304.0\lib\NET45
	EndGlobalSection
EndGlobal
